
Microsoft Visual Studio Solution File, Format Version 12.00
# Visual Studio Version 17
VisualStudioVersion = 17.2.32630.192
MinimumVisualStudioVersion = 10.0.40219.1
Project("{FAE04EC0-301F-11D3-BF4B-00C04F79EFBC}") = "PoointWebApi", "PoointWebApi\PoointWebApi.csproj", "{2BFED549-547E-4BCD-AF2D-BA1DC4CB418B}"
EndProject
Project("{FAE04EC0-301F-11D3-BF4B-00C04F79EFBC}") = "PoointWebApi.Data", "PoointWebApi.Data\PoointWebApi.Data.csproj", "{5923D8F2-D4F8-4CC2-AAB8-418BC551F640}"
EndProject
Project("{FAE04EC0-301F-11D3-BF4B-00C04F79EFBC}") = "PoointWebApi.Model", "PoointWebApi.Model\PoointWebApi.Model.csproj", "{03479965-1A37-48CF-87D3-9185D507A417}"
EndProject
Global
	GlobalSection(SolutionConfigurationPlatforms) = preSolution
		Debug|Any CPU = Debug|Any CPU
		Release|Any CPU = Release|Any CPU
	EndGlobalSection
	GlobalSection(ProjectConfigurationPlatforms) = postSolution
		{2BFED549-547E-4BCD-AF2D-BA1DC4CB418B}.Debug|Any CPU.ActiveCfg = Debug|Any CPU
		{2BFED549-547E-4BCD-AF2D-BA1DC4CB418B}.Debug|Any CPU.Build.0 = Debug|Any CPU
		{2BFED549-547E-4BCD-AF2D-BA1DC4CB418B}.Release|Any CPU.ActiveCfg = Release|Any CPU
		{2BFED549-547E-4BCD-AF2D-BA1DC4CB418B}.Release|Any CPU.Build.0 = Release|Any CPU
		{5923D8F2-D4F8-4CC2-AAB8-418BC551F640}.Debug|Any CPU.ActiveCfg = Debug|Any CPU
		{5923D8F2-D4F8-4CC2-AAB8-418BC551F640}.Debug|Any CPU.Build.0 = Debug|Any CPU
		{5923D8F2-D4F8-4CC2-AAB8-418BC551F640}.Release|Any CPU.ActiveCfg = Release|Any CPU
		{5923D8F2-D4F8-4CC2-AAB8-418BC551F640}.Release|Any CPU.Build.0 = Release|Any CPU
		{03479965-1A37-48CF-87D3-9185D507A417}.Debug|Any CPU.ActiveCfg = Debug|Any CPU
		{03479965-1A37-48CF-87D3-9185D507A417}.Debug|Any CPU.Build.0 = Debug|Any CPU
		{03479965-1A37-48CF-87D3-9185D507A417}.Release|Any CPU.ActiveCfg = Release|Any CPU
		{03479965-1A37-48CF-87D3-9185D507A417}.Release|Any CPU.Build.0 = Release|Any CPU
	EndGlobalSection
	GlobalSection(SolutionProperties) = preSolution
		HideSolutionNode = FALSE
	EndGlobalSection
	GlobalSection(ExtensibilityGlobals) = postSolution
		SolutionGuid = {B665DFD8-19BE-4937-830A-B3802328A433}
	EndGlobalSection
EndGlobal
